
Microsoft Visual Studio Solution File, Format Version 12.00
# Visual Studio Version 16
VisualStudioVersion = 16.0.33130.400
MinimumVisualStudioVersion = 10.0.40219.1
Project("{FAE04EC0-301F-11D3-BF4B-00C04F79EFBC}") = "Company Project", "Company Project\Company Project.csproj", "{0E3EFA2F-38F4-4107-B34B-45F0FC3BD936}"
EndProject
Project("{FAE04EC0-301F-11D3-BF4B-00C04F79EFBC}") = "Company.BLL", "Company.BLL\Company.BLL.csproj", "{19DA3900-6C74-416F-9205-234BED10FEB1}"
EndProject
Project("{FAE04EC0-301F-11D3-BF4B-00C04F79EFBC}") = "Company.DAL", "Company.DAL\Company.DAL.csproj", "{BC6A9BD5-A103-4E54-8FC9-C37F23C80BF9}"
EndProject
Global
	GlobalSection(SolutionConfigurationPlatforms) = preSolution
		Debug|Any CPU = Debug|Any CPU
		Release|Any CPU = Release|Any CPU
	EndGlobalSection
	GlobalSection(ProjectConfigurationPlatforms) = postSolution
		{0E3EFA2F-38F4-4107-B34B-45F0FC3BD936}.Debug|Any CPU.ActiveCfg = Debug|Any CPU
		{0E3EFA2F-38F4-4107-B34B-45F0FC3BD936}.Debug|Any CPU.Build.0 = Debug|Any CPU
		{0E3EFA2F-38F4-4107-B34B-45F0FC3BD936}.Release|Any CPU.ActiveCfg = Release|Any CPU
		{0E3EFA2F-38F4-4107-B34B-45F0FC3BD936}.Release|Any CPU.Build.0 = Release|Any CPU
		{19DA3900-6C74-416F-9205-234BED10FEB1}.Debug|Any CPU.ActiveCfg = Debug|Any CPU
		{19DA3900-6C74-416F-9205-234BED10FEB1}.Debug|Any CPU.Build.0 = Debug|Any CPU
		{19DA3900-6C74-416F-9205-234BED10FEB1}.Release|Any CPU.ActiveCfg = Release|Any CPU
		{19DA3900-6C74-416F-9205-234BED10FEB1}.Release|Any CPU.Build.0 = Release|Any CPU
		{BC6A9BD5-A103-4E54-8FC9-C37F23C80BF9}.Debug|Any CPU.ActiveCfg = Debug|Any CPU
		{BC6A9BD5-A103-4E54-8FC9-C37F23C80BF9}.Debug|Any CPU.Build.0 = Debug|Any CPU
		{BC6A9BD5-A103-4E54-8FC9-C37F23C80BF9}.Release|Any CPU.ActiveCfg = Release|Any CPU
		{BC6A9BD5-A103-4E54-8FC9-C37F23C80BF9}.Release|Any CPU.Build.0 = Release|Any CPU
	EndGlobalSection
	GlobalSection(SolutionProperties) = preSolution
		HideSolutionNode = FALSE
	EndGlobalSection
	GlobalSection(ExtensibilityGlobals) = postSolution
		SolutionGuid = {E3B3969E-52FD-48C7-9DB0-8E98F9876DBC}
	EndGlobalSection
EndGlobal
